
Microsoft Visual Studio Solution File, Format Version 12.00
# Visual Studio 15
VisualStudioVersion = 15.0.27703.2042
MinimumVisualStudioVersion = 10.0.40219.1
Project("{888888A0-9F3D-457C-B088-3A5042F75D52}") = "CeatSheet", "CeatSheet\CeatSheet.pyproj", "{EE3D14D5-A142-4B2A-B130-4956AB17D9D4}"
EndProject
Project("{2150E333-8FDC-42A3-9474-1A3956D46DE8}") = "Solution Items", "Solution Items", "{C39A1756-BBB9-4DFF-93CF-18F3F0C266D7}"
	ProjectSection(SolutionItems) = preProject
		..\..\..\IdeaProjects\HelloWorld\Odds.py = ..\..\..\IdeaProjects\HelloWorld\Odds.py
	EndProjectSection
EndProject
Global
	GlobalSection(SolutionConfigurationPlatforms) = preSolution
		Debug|Any CPU = Debug|Any CPU
		Release|Any CPU = Release|Any CPU
	EndGlobalSection
	GlobalSection(ProjectConfigurationPlatforms) = postSolution
		{EE3D14D5-A142-4B2A-B130-4956AB17D9D4}.Debug|Any CPU.ActiveCfg = Debug|Any CPU
		{EE3D14D5-A142-4B2A-B130-4956AB17D9D4}.Release|Any CPU.ActiveCfg = Release|Any CPU
	EndGlobalSection
	GlobalSection(SolutionProperties) = preSolution
		HideSolutionNode = FALSE
	EndGlobalSection
	GlobalSection(ExtensibilityGlobals) = postSolution
		SolutionGuid = {7F02CEE7-0FB0-494B-9EC6-61B49AA3FA65}
	EndGlobalSection
EndGlobal
